
Microsoft Visual Studio Solution File, Format Version 12.00
# Visual Studio Version 16
VisualStudioVersion = 16.0.30611.23
MinimumVisualStudioVersion = 10.0.40219.1
Project("{FAE04EC0-301F-11D3-BF4B-00C04F79EFBC}") = "DZ_17_01_2021", "DZ_17_01_2021.csproj", "{30F6FAC2-514D-4E57-BAF2-CB8942698DFC}"
EndProject
Global
	GlobalSection(SolutionConfigurationPlatforms) = preSolution
		Debug|Any CPU = Debug|Any CPU
		Release|Any CPU = Release|Any CPU
	EndGlobalSection
	GlobalSection(ProjectConfigurationPlatforms) = postSolution
		{30F6FAC2-514D-4E57-BAF2-CB8942698DFC}.Debug|Any CPU.ActiveCfg = Debug|Any CPU
		{30F6FAC2-514D-4E57-BAF2-CB8942698DFC}.Debug|Any CPU.Build.0 = Debug|Any CPU
		{30F6FAC2-514D-4E57-BAF2-CB8942698DFC}.Release|Any CPU.ActiveCfg = Release|Any CPU
		{30F6FAC2-514D-4E57-BAF2-CB8942698DFC}.Release|Any CPU.Build.0 = Release|Any CPU
	EndGlobalSection
	GlobalSection(SolutionProperties) = preSolution
		HideSolutionNode = FALSE
	EndGlobalSection
	GlobalSection(ExtensibilityGlobals) = postSolution
		SolutionGuid = {ECE7BDBB-E834-4EB4-B4A2-21A05E146947}
	EndGlobalSection
EndGlobal
